// !$*UTF8*$!
{
	archiveVersion = 1;
	classes = {
	};
	objectVersion = 50;
	objects = {

/* Begin PBXBuildFile section */
		1A7070E621F5BD7100C9E47E /* AppDelegate.swift in Sources */ = {isa = PBXBuildFile; fileRef = 1A7070E521F5BD7100C9E47E /* AppDelegate.swift */; };
		1A7070E821F5BD7100C9E47E /* MasterViewController.swift in Sources */ = {isa = PBXBuildFile; fileRef = 1A7070E721F5BD7100C9E47E /* MasterViewController.swift */; };
		1A7070EA21F5BD7100C9E47E /* DetailViewController.swift in Sources */ = {isa = PBXBuildFile; fileRef = 1A7070E921F5BD7100C9E47E /* DetailViewController.swift */; };
		1A7070ED21F5BD7100C9E47E /* Main.storyboard in Resources */ = {isa = PBXBuildFile; fileRef = 1A7070EB21F5BD7100C9E47E /* Main.storyboard */; };
		1A7070EF21F5BD7200C9E47E /* Assets.xcassets in Resources */ = {isa = PBXBuildFile; fileRef = 1A7070EE21F5BD7200C9E47E /* Assets.xcassets */; };
		1A7070F221F5BD7200C9E47E /* LaunchScreen.storyboard in Resources */ = {isa = PBXBuildFile; fileRef = 1A7070F021F5BD7200C9E47E /* LaunchScreen.storyboard */; };
		1A7070FD21F5BD7200C9E47E /* EsportManager2019Tests.swift in Sources */ = {isa = PBXBuildFile; fileRef = 1A7070FC21F5BD7200C9E47E /* EsportManager2019Tests.swift */; };
		1A70710821F5BD7200C9E47E /* EsportManager2019UITests.swift in Sources */ = {isa = PBXBuildFile; fileRef = 1A70710721F5BD7200C9E47E /* EsportManager2019UITests.swift */; };
		A89B5A898CCBAD65D77AF6CC /* Pods_EsportManager2019.framework in Frameworks */ = {isa = PBXBuildFile; fileRef = DB314E9B28880B57647CEFF7 /* Pods_EsportManager2019.framework */; };
/* End PBXBuildFile section */

/* Begin PBXContainerItemProxy section */
		1A7070F921F5BD7200C9E47E /* PBXContainerItemProxy */ = {
			isa = PBXContainerItemProxy;
			containerPortal = 1A7070DA21F5BD7100C9E47E /* Project object */;
			proxyType = 1;
			remoteGlobalIDString = 1A7070E121F5BD7100C9E47E;
			remoteInfo = EsportManager2019;
		};
		1A70710421F5BD7200C9E47E /* PBXContainerItemProxy */ = {
			isa = PBXContainerItemProxy;
			containerPortal = 1A7070DA21F5BD7100C9E47E /* Project object */;
			proxyType = 1;
			remoteGlobalIDString = 1A7070E121F5BD7100C9E47E;
			remoteInfo = EsportManager2019;
		};
/* End PBXContainerItemProxy section */

/* Begin PBXFileReference section */
		1A7070E221F5BD7100C9E47E /* EsportManager2019.app */ = {isa = PBXFileReference; explicitFileType = wrapper.application; includeInIndex = 0; path = EsportManager2019.app; sourceTree = BUILT_PRODUCTS_DIR; };
		1A7070E521F5BD7100C9E47E /* AppDelegate.swift */ = {isa = PBXFileReference; lastKnownFileType = sourcecode.swift; path = AppDelegate.swift; sourceTree = "<group>"; };
		1A7070E721F5BD7100C9E47E /* MasterViewController.swift */ = {isa = PBXFileReference; lastKnownFileType = sourcecode.swift; path = MasterViewController.swift; sourceTree = "<group>"; };
		1A7070E921F5BD7100C9E47E /* DetailViewController.swift */ = {isa = PBXFileReference; lastKnownFileType = sourcecode.swift; path = DetailViewController.swift; sourceTree = "<group>"; };
		1A7070EC21F5BD7100C9E47E /* Base */ = {isa = PBXFileReference; lastKnownFileType = file.storyboard; name = Base; path = Base.lproj/Main.storyboard; sourceTree = "<group>"; };
		1A7070EE21F5BD7200C9E47E /* Assets.xcassets */ = {isa = PBXFileReference; lastKnownFileType = folder.assetcatalog; path = Assets.xcassets; sourceTree = "<group>"; };
		1A7070F121F5BD7200C9E47E /* Base */ = {isa = PBXFileReference; lastKnownFileType = file.storyboard; name = Base; path = Base.lproj/LaunchScreen.storyboard; sourceTree = "<group>"; };
		1A7070F321F5BD7200C9E47E /* Info.plist */ = {isa = PBXFileReference; lastKnownFileType = text.plist.xml; path = Info.plist; sourceTree = "<group>"; };
		1A7070F821F5BD7200C9E47E /* EsportManager2019Tests.xctest */ = {isa = PBXFileReference; explicitFileType = wrapper.cfbundle; includeInIndex = 0; path = EsportManager2019Tests.xctest; sourceTree = BUILT_PRODUCTS_DIR; };
		1A7070FC21F5BD7200C9E47E /* EsportManager2019Tests.swift */ = {isa = PBXFileReference; lastKnownFileType = sourcecode.swift; path = EsportManager2019Tests.swift; sourceTree = "<group>"; };
		1A7070FE21F5BD7200C9E47E /* Info.plist */ = {isa = PBXFileReference; lastKnownFileType = text.plist.xml; path = Info.plist; sourceTree = "<group>"; };
		1A70710321F5BD7200C9E47E /* EsportManager2019UITests.xctest */ = {isa = PBXFileReference; explicitFileType = wrapper.cfbundle; includeInIndex = 0; path = EsportManager2019UITests.xctest; sourceTree = BUILT_PRODUCTS_DIR; };
		1A70710721F5BD7200C9E47E /* EsportManager2019UITests.swift */ = {isa = PBXFileReference; lastKnownFileType = sourcecode.swift; path = EsportManager2019UITests.swift; sourceTree = "<group>"; };
		1A70710921F5BD7200C9E47E /* Info.plist */ = {isa = PBXFileReference; lastKnownFileType = text.plist.xml; path = Info.plist; sourceTree = "<group>"; };
		40BA4503D93A1EEB51CDC8F2 /* Pods-EsportManager2019.release.xcconfig */ = {isa = PBXFileReference; includeInIndex = 1; lastKnownFileType = text.xcconfig; name = "Pods-EsportManager2019.release.xcconfig"; path = "Pods/Target Support Files/Pods-EsportManager2019/Pods-EsportManager2019.release.xcconfig"; sourceTree = "<group>"; };
		D69CEECDD73FC154F4A804A3 /* Pods-EsportManager2019.debug.xcconfig */ = {isa = PBXFileReference; includeInIndex = 1; lastKnownFileType = text.xcconfig; name = "Pods-EsportManager2019.debug.xcconfig"; path = "Pods/Target Support Files/Pods-EsportManager2019/Pods-EsportManager2019.debug.xcconfig"; sourceTree = "<group>"; };
		DB314E9B28880B57647CEFF7 /* Pods_EsportManager2019.framework */ = {isa = PBXFileReference; explicitFileType = wrapper.framework; includeInIndex = 0; path = Pods_EsportManager2019.framework; sourceTree = BUILT_PRODUCTS_DIR; };
/* End PBXFileReference section */

/* Begin PBXFrameworksBuildPhase section */
		1A7070DF21F5BD7100C9E47E /* Frameworks */ = {
			isa = PBXFrameworksBuildPhase;
			buildActionMask = 2147483647;
			files = (
				A89B5A898CCBAD65D77AF6CC /* Pods_EsportManager2019.framework in Frameworks */,
			);
			runOnlyForDeploymentPostprocessing = 0;
		};
		1A7070F521F5BD7200C9E47E /* Frameworks */ = {
			isa = PBXFrameworksBuildPhase;
			buildActionMask = 2147483647;
			files = (
			);
			runOnlyForDeploymentPostprocessing = 0;
		};
		1A70710021F5BD7200C9E47E /* Frameworks */ = {
			isa = PBXFrameworksBuildPhase;
			buildActionMask = 2147483647;
			files = (
			);
			runOnlyForDeploymentPostprocessing = 0;
		};
/* End PBXFrameworksBuildPhase section */

/* Begin PBXGroup section */
		1864B27E92DACCADD17BB728 /* Frameworks */ = {
			isa = PBXGroup;
			children = (
				DB314E9B28880B57647CEFF7 /* Pods_EsportManager2019.framework */,
			);
			name = Frameworks;
			sourceTree = "<group>";
		};
		1A7070D921F5BD7000C9E47E = {
			isa = PBXGroup;
			children = (
				1A7070E421F5BD7100C9E47E /* EsportManager2019 */,
				1A7070FB21F5BD7200C9E47E /* EsportManager2019Tests */,
				1A70710621F5BD7200C9E47E /* EsportManager2019UITests */,
				1A7070E321F5BD7100C9E47E /* Products */,
				A58ABB69FDA8EF15136EF3F7 /* Pods */,
				1864B27E92DACCADD17BB728 /* Frameworks */,
			);
			sourceTree = "<group>";
		};
		1A7070E321F5BD7100C9E47E /* Products */ = {
			isa = PBXGroup;
			children = (
				1A7070E221F5BD7100C9E47E /* EsportManager2019.app */,
				1A7070F821F5BD7200C9E47E /* EsportManager2019Tests.xctest */,
				1A70710321F5BD7200C9E47E /* EsportManager2019UITests.xctest */,
			);
			name = Products;
			sourceTree = "<group>";
		};
		1A7070E421F5BD7100C9E47E /* EsportManager2019 */ = {
			isa = PBXGroup;
			children = (
				1A7070E521F5BD7100C9E47E /* AppDelegate.swift */,
				1A7070E721F5BD7100C9E47E /* MasterViewController.swift */,
				1A7070E921F5BD7100C9E47E /* DetailViewController.swift */,
				1A7070EB21F5BD7100C9E47E /* Main.storyboard */,
				1A7070EE21F5BD7200C9E47E /* Assets.xcassets */,
				1A7070F021F5BD7200C9E47E /* LaunchScreen.storyboard */,
				1A7070F321F5BD7200C9E47E /* Info.plist */,
			);
			path = EsportManager2019;
			sourceTree = "<group>";
		};
		1A7070FB21F5BD7200C9E47E /* EsportManager2019Tests */ = {
			isa = PBXGroup;
			children = (
				1A7070FC21F5BD7200C9E47E /* EsportManager2019Tests.swift */,
				1A7070FE21F5BD7200C9E47E /* Info.plist */,
			);
			path = EsportManager2019Tests;
			sourceTree = "<group>";
		};
		1A70710621F5BD7200C9E47E /* EsportManager2019UITests */ = {
			isa = PBXGroup;
			children = (
				1A70710721F5BD7200C9E47E /* EsportManager2019UITests.swift */,
				1A70710921F5BD7200C9E47E /* Info.plist */,
			);
			path = EsportManager2019UITests;
			sourceTree = "<group>";
		};
		A58ABB69FDA8EF15136EF3F7 /* Pods */ = {
			isa = PBXGroup;
			children = (
				D69CEECDD73FC154F4A804A3 /* Pods-EsportManager2019.debug.xcconfig */,
				40BA4503D93A1EEB51CDC8F2 /* Pods-EsportManager2019.release.xcconfig */,
			);
			name = Pods;
			sourceTree = "<group>";
		};
/* End PBXGroup section */

/* Begin PBXNativeTarget section */
		1A7070E121F5BD7100C9E47E /* EsportManager2019 */ = {
			isa = PBXNativeTarget;
			buildConfigurationList = 1A70710C21F5BD7200C9E47E /* Build configuration list for PBXNativeTarget "EsportManager2019" */;
			buildPhases = (
				80E0D6D2C2DF8CD9538AE525 /* [CP] Check Pods Manifest.lock */,
				1A7070DE21F5BD7100C9E47E /* Sources */,
				1A7070DF21F5BD7100C9E47E /* Frameworks */,
				1A7070E021F5BD7100C9E47E /* Resources */,
				2FE26A3FA9976BD1A7CCC72D /* [CP] Embed Pods Frameworks */,
			);
			buildRules = (
			);
			dependencies = (
			);
			name = EsportManager2019;
			productName = EsportManager2019;
			productReference = 1A7070E221F5BD7100C9E47E /* EsportManager2019.app */;
			productType = "com.apple.product-type.application";
		};
		1A7070F721F5BD7200C9E47E /* EsportManager2019Tests */ = {
			isa = PBXNativeTarget;
			buildConfigurationList = 1A70710F21F5BD7200C9E47E /* Build configuration list for PBXNativeTarget "EsportManager2019Tests" */;
			buildPhases = (
				1A7070F421F5BD7200C9E47E /* Sources */,
				1A7070F521F5BD7200C9E47E /* Frameworks */,
				1A7070F621F5BD7200C9E47E /* Resources */,
			);
			buildRules = (
			);
			dependencies = (
				1A7070FA21F5BD7200C9E47E /* PBXTargetDependency */,
			);
			name = EsportManager2019Tests;
			productName = EsportManager2019Tests;
			productReference = 1A7070F821F5BD7200C9E47E /* EsportManager2019Tests.xctest */;
			productType = "com.apple.product-type.bundle.unit-test";
		};
		1A70710221F5BD7200C9E47E /* EsportManager2019UITests */ = {
			isa = PBXNativeTarget;
			buildConfigurationList = 1A70711221F5BD7200C9E47E /* Build configuration list for PBXNativeTarget "EsportManager2019UITests" */;
			buildPhases = (
				1A7070FF21F5BD7200C9E47E /* Sources */,
				1A70710021F5BD7200C9E47E /* Frameworks */,
				1A70710121F5BD7200C9E47E /* Resources */,
			);
			buildRules = (
			);
			dependencies = (
				1A70710521F5BD7200C9E47E /* PBXTargetDependency */,
			);
			name = EsportManager2019UITests;
			productName = EsportManager2019UITests;
			productReference = 1A70710321F5BD7200C9E47E /* EsportManager2019UITests.xctest */;
			productType = "com.apple.product-type.bundle.ui-testing";
		};
/* End PBXNativeTarget section */

/* Begin PBXProject section */
		1A7070DA21F5BD7100C9E47E /* Project object */ = {
			isa = PBXProject;
			attributes = {
				LastSwiftUpdateCheck = 1010;
				LastUpgradeCheck = 1010;
				ORGANIZATIONNAME = AlexO;
				TargetAttributes = {
					1A7070E121F5BD7100C9E47E = {
						CreatedOnToolsVersion = 10.1;
					};
					1A7070F721F5BD7200C9E47E = {
						CreatedOnToolsVersion = 10.1;
						TestTargetID = 1A7070E121F5BD7100C9E47E;
					};
					1A70710221F5BD7200C9E47E = {
						CreatedOnToolsVersion = 10.1;
						TestTargetID = 1A7070E121F5BD7100C9E47E;
					};
				};
			};
			buildConfigurationList = 1A7070DD21F5BD7100C9E47E /* Build configuration list for PBXProject "EsportManager2019" */;
			compatibilityVersion = "Xcode 9.3";
			developmentRegion = en;
			hasScannedForEncodings = 0;
			knownRegions = (
				en,
				Base,
			);
			mainGroup = 1A7070D921F5BD7000C9E47E;
			productRefGroup = 1A7070E321F5BD7100C9E47E /* Products */;
			projectDirPath = "";
			projectRoot = "";
			targets = (
				1A7070E121F5BD7100C9E47E /* EsportManager2019 */,
				1A7070F721F5BD7200C9E47E /* EsportManager2019Tests */,
				1A70710221F5BD7200C9E47E /* EsportManager2019UITests */,
			);
		};
/* End PBXProject section */

/* Begin PBXResourcesBuildPhase section */
		1A7070E021F5BD7100C9E47E /* Resources */ = {
			isa = PBXResourcesBuildPhase;
			buildActionMask = 2147483647;
			files = (
				1A7070F221F5BD7200C9E47E /* LaunchScreen.storyboard in Resources */,
				1A7070EF21F5BD7200C9E47E /* Assets.xcassets in Resources */,
				1A7070ED21F5BD7100C9E47E /* Main.storyboard in Resources */,
			);
			runOnlyForDeploymentPostprocessing = 0;
		};
		1A7070F621F5BD7200C9E47E /* Resources */ = {
			isa = PBXResourcesBuildPhase;
			buildActionMask = 2147483647;
			files = (
			);
			runOnlyForDeploymentPostprocessing = 0;
		};
		1A70710121F5BD7200C9E47E /* Resources */ = {
			isa = PBXResourcesBuildPhase;
			buildActionMask = 2147483647;
			files = (
			);
			runOnlyForDeploymentPostprocessing = 0;
		};
/* End PBXResourcesBuildPhase section */

/* Begin PBXShellScriptBuildPhase section */
		2FE26A3FA9976BD1A7CCC72D /* [CP] Embed Pods Frameworks */ = {
			isa = PBXShellScriptBuildPhase;
			buildActionMask = 2147483647;
			files = (
			);
			inputFileListPaths = (
			);
			inputPaths = (
				"${SRCROOT}/Pods/Target Support Files/Pods-EsportManager2019/Pods-EsportManager2019-frameworks.sh",
				"${BUILT_PRODUCTS_DIR}/SQLite.swift/SQLite.framework",
			);
			name = "[CP] Embed Pods Frameworks";
			outputFileListPaths = (
			);
			outputPaths = (
				"${TARGET_BUILD_DIR}/${FRAMEWORKS_FOLDER_PATH}/SQLite.framework",
			);
			runOnlyForDeploymentPostprocessing = 0;
			shellPath = /bin/sh;
			shellScript = "\"${SRCROOT}/Pods/Target Support Files/Pods-EsportManager2019/Pods-EsportManager2019-frameworks.sh\"\n";
			showEnvVarsInLog = 0;
		};
		80E0D6D2C2DF8CD9538AE525 /* [CP] Check Pods Manifest.lock */ = {
			isa = PBXShellScriptBuildPhase;
			buildActionMask = 2147483647;
			files = (
			);
			inputFileListPaths = (
			);
			inputPaths = (
				"${PODS_PODFILE_DIR_PATH}/Podfile.lock",
				"${PODS_ROOT}/Manifest.lock",
			);
			name = "[CP] Check Pods Manifest.lock";
			outputFileListPaths = (
			);
			outputPaths = (
				"$(DERIVED_FILE_DIR)/Pods-EsportManager2019-checkManifestLockResult.txt",
			);
			runOnlyForDeploymentPostprocessing = 0;
			shellPath = /bin/sh;
			shellScript = "diff \"${PODS_PODFILE_DIR_PATH}/Podfile.lock\" \"${PODS_ROOT}/Manifest.lock\" > /dev/null\nif [ $? != 0 ] ; then\n    # print error to STDERR\n    echo \"error: The sandbox is not in sync with the Podfile.lock. Run 'pod install' or update your CocoaPods installation.\" >&2\n    exit 1\nfi\n# This output is used by Xcode 'outputs' to avoid re-running this script phase.\necho \"SUCCESS\" > \"${SCRIPT_OUTPUT_FILE_0}\"\n";
			showEnvVarsInLog = 0;
		};
/* End PBXShellScriptBuildPhase section */

/* Begin PBXSourcesBuildPhase section */
		1A7070DE21F5BD7100C9E47E /* Sources */ = {
			isa = PBXSourcesBuildPhase;
			buildActionMask = 2147483647;
			files = (
				1A7070EA21F5BD7100C9E47E /* DetailViewController.swift in Sources */,
				1A7070E821F5BD7100C9E47E /* MasterViewController.swift in Sources */,
				1A7070E621F5BD7100C9E47E /* AppDelegate.swift in Sources */,
			);
			runOnlyForDeploymentPostprocessing = 0;
		};
		1A7070F421F5BD7200C9E47E /* Sources */ = {
			isa = PBXSourcesBuildPhase;
			buildActionMask = 2147483647;
			files = (
				1A7070FD21F5BD7200C9E47E /* EsportManager2019Tests.swift in Sources */,
			);
			runOnlyForDeploymentPostprocessing = 0;
		};
		1A7070FF21F5BD7200C9E47E /* Sources */ = {
			isa = PBXSourcesBuildPhase;
			buildActionMask = 2147483647;
			files = (
				1A70710821F5BD7200C9E47E /* EsportManager2019UITests.swift in Sources */,
			);
			runOnlyForDeploymentPostprocessing = 0;
		};
/* End PBXSourcesBuildPhase section */

/* Begin PBXTargetDependency section */
		1A7070FA21F5BD7200C9E47E /* PBXTargetDependency */ = {
			isa = PBXTargetDependency;
			target = 1A7070E121F5BD7100C9E47E /* EsportManager2019 */;
			targetProxy = 1A7070F921F5BD7200C9E47E /* PBXContainerItemProxy */;
		};
		1A70710521F5BD7200C9E47E /* PBXTargetDependency */ = {
			isa = PBXTargetDependency;
			target = 1A7070E121F5BD7100C9E47E /* EsportManager2019 */;
			targetProxy = 1A70710421F5BD7200C9E47E /* PBXContainerItemProxy */;
		};
/* End PBXTargetDependency section */

/* Begin PBXVariantGroup section */
		1A7070EB21F5BD7100C9E47E /* Main.storyboard */ = {
			isa = PBXVariantGroup;
			children = (
				1A7070EC21F5BD7100C9E47E /* Base */,
			);
			name = Main.storyboard;
			sourceTree = "<group>";
		};
		1A7070F021F5BD7200C9E47E /* LaunchScreen.storyboard */ = {
			isa = PBXVariantGroup;
			children = (
				1A7070F121F5BD7200C9E47E /* Base */,
			);
			name = LaunchScreen.storyboard;
			sourceTree = "<group>";
		};
/* End PBXVariantGroup section */

/* Begin XCBuildConfiguration section */
		1A70710A21F5BD7200C9E47E /* Debug */ = {
			isa = XCBuildConfiguration;
			buildSettings = {
				ALWAYS_SEARCH_USER_PATHS = NO;
				CLANG_ANALYZER_NONNULL = YES;
				CLANG_ANALYZER_NUMBER_OBJECT_CONVERSION = YES_AGGRESSIVE;
				CLANG_CXX_LANGUAGE_STANDARD = "gnu++14";
				CLANG_CXX_LIBRARY = "libc++";
				CLANG_ENABLE_MODULES = YES;
				CLANG_ENABLE_OBJC_ARC = YES;
				CLANG_ENABLE_OBJC_WEAK = YES;
				CLANG_WARN_BLOCK_CAPTURE_AUTORELEASING = YES;
				CLANG_WARN_BOOL_CONVERSION = YES;
				CLANG_WARN_COMMA = YES;
				CLANG_WARN_CONSTANT_CONVERSION = YES;
				CLANG_WARN_DEPRECATED_OBJC_IMPLEMENTATIONS = YES;
				CLANG_WARN_DIRECT_OBJC_ISA_USAGE = YES_ERROR;
				CLANG_WARN_DOCUMENTATION_COMMENTS = YES;
				CLANG_WARN_EMPTY_BODY = YES;
				CLANG_WARN_ENUM_CONVERSION = YES;
				CLANG_WARN_INFINITE_RECURSION = YES;
				CLANG_WARN_INT_CONVERSION = YES;
				CLANG_WARN_NON_LITERAL_NULL_CONVERSION = YES;
				CLANG_WARN_OBJC_IMPLICIT_RETAIN_SELF = YES;
				CLANG_WARN_OBJC_LITERAL_CONVERSION = YES;
				CLANG_WARN_OBJC_ROOT_CLASS = YES_ERROR;
				CLANG_WARN_RANGE_LOOP_ANALYSIS = YES;
				CLANG_WARN_STRICT_PROTOTYPES = YES;
				CLANG_WARN_SUSPICIOUS_MOVE = YES;
				CLANG_WARN_UNGUARDED_AVAILABILITY = YES_AGGRESSIVE;
				CLANG_WARN_UNREACHABLE_CODE = YES;
				CLANG_WARN__DUPLICATE_METHOD_MATCH = YES;
				CODE_SIGN_IDENTITY = "iPhone Developer";
				COPY_PHASE_STRIP = NO;
				DEBUG_INFORMATION_FORMAT = dwarf;
				ENABLE_STRICT_OBJC_MSGSEND = YES;
				ENABLE_TESTABILITY = YES;
				GCC_C_LANGUAGE_STANDARD = gnu11;
				GCC_DYNAMIC_NO_PIC = NO;
				GCC_NO_COMMON_BLOCKS = YES;
				GCC_OPTIMIZATION_LEVEL = 0;
				GCC_PREPROCESSOR_DEFINITIONS = (
					"DEBUG=1",
					"$(inherited)",
				);
				GCC_WARN_64_TO_32_BIT_CONVERSION = YES;
				GCC_WARN_ABOUT_RETURN_TYPE = YES_ERROR;
				GCC_WARN_UNDECLARED_SELECTOR = YES;
				GCC_WARN_UNINITIALIZED_AUTOS = YES_AGGRESSIVE;
				GCC_WARN_UNUSED_FUNCTION = YES;
				GCC_WARN_UNUSED_VARIABLE = YES;
				IPHONEOS_DEPLOYMENT_TARGET = 12.1;
				MTL_ENABLE_DEBUG_INFO = INCLUDE_SOURCE;
				MTL_FAST_MATH = YES;
				ONLY_ACTIVE_ARCH = YES;
				SDKROOT = iphoneos;
				SWIFT_ACTIVE_COMPILATION_CONDITIONS = DEBUG;
				SWIFT_OPTIMIZATION_LEVEL = "-Onone";
			};
			name = Debug;
		};
		1A70710B21F5BD7200C9E47E /* Release */ = {
			isa = XCBuildConfiguration;
			buildSettings = {
				ALWAYS_SEARCH_USER_PATHS = NO;
				CLANG_ANALYZER_NONNULL = YES;
				CLANG_ANALYZER_NUMBER_OBJECT_CONVERSION = YES_AGGRESSIVE;
				CLANG_CXX_LANGUAGE_STANDARD = "gnu++14";
				CLANG_CXX_LIBRARY = "libc++";
				CLANG_ENABLE_MODULES = YES;
				CLANG_ENABLE_OBJC_ARC = YES;
				CLANG_ENABLE_OBJC_WEAK = YES;
				CLANG_WARN_BLOCK_CAPTURE_AUTORELEASING = YES;
				CLANG_WARN_BOOL_CONVERSION = YES;
				CLANG_WARN_COMMA = YES;
				CLANG_WARN_CONSTANT_CONVERSION = YES;
				CLANG_WARN_DEPRECATED_OBJC_IMPLEMENTATIONS = YES;
				CLANG_WARN_DIRECT_OBJC_ISA_USAGE = YES_ERROR;
				CLANG_WARN_DOCUMENTATION_COMMENTS = YES;
				CLANG_WARN_EMPTY_BODY = YES;
				CLANG_WARN_ENUM_CONVERSION = YES;
				CLANG_WARN_INFINITE_RECURSION = YES;
				CLANG_WARN_INT_CONVERSION = YES;
				CLANG_WARN_NON_LITERAL_NULL_CONVERSION = YES;
				CLANG_WARN_OBJC_IMPLICIT_RETAIN_SELF = YES;
				CLANG_WARN_OBJC_LITERAL_CONVERSION = YES;
				CLANG_WARN_OBJC_ROOT_CLASS = YES_ERROR;
				CLANG_WARN_RANGE_LOOP_ANALYSIS = YES;
				CLANG_WARN_STRICT_PROTOTYPES = YES;
				CLANG_WARN_SUSPICIOUS_MOVE = YES;
				CLANG_WARN_UNGUARDED_AVAILABILITY = YES_AGGRESSIVE;
				CLANG_WARN_UNREACHABLE_CODE = YES;
				CLANG_WARN__DUPLICATE_METHOD_MATCH = YES;
				CODE_SIGN_IDENTITY = "iPhone Developer";
				COPY_PHASE_STRIP = NO;
				DEBUG_INFORMATION_FORMAT = "dwarf-with-dsym";
				ENABLE_NS_ASSERTIONS = NO;
				ENABLE_STRICT_OBJC_MSGSEND = YES;
				GCC_C_LANGUAGE_STANDARD = gnu11;
				GCC_NO_COMMON_BLOCKS = YES;
				GCC_WARN_64_TO_32_BIT_CONVERSION = YES;
				GCC_WARN_ABOUT_RETURN_TYPE = YES_ERROR;
				GCC_WARN_UNDECLARED_SELECTOR = YES;
				GCC_WARN_UNINITIALIZED_AUTOS = YES_AGGRESSIVE;
				GCC_WARN_UNUSED_FUNCTION = YES;
				GCC_WARN_UNUSED_VARIABLE = YES;
				IPHONEOS_DEPLOYMENT_TARGET = 12.1;
				MTL_ENABLE_DEBUG_INFO = NO;
				MTL_FAST_MATH = YES;
				SDKROOT = iphoneos;
				SWIFT_COMPILATION_MODE = wholemodule;
				SWIFT_OPTIMIZATION_LEVEL = "-O";
				VALIDATE_PRODUCT = YES;
			};
			name = Release;
		};
		1A70710D21F5BD7200C9E47E /* Debug */ = {
			isa = XCBuildConfiguration;
			baseConfigurationReference = D69CEECDD73FC154F4A804A3 /* Pods-EsportManager2019.debug.xcconfig */;
			buildSettings = {
				ASSETCATALOG_COMPILER_APPICON_NAME = AppIcon;
				CODE_SIGN_STYLE = Automatic;
				INFOPLIST_FILE = EsportManager2019/Info.plist;
				LD_RUNPATH_SEARCH_PATHS = (
					"$(inherited)",
					"@executable_path/Frameworks",
				);
				PRODUCT_BUNDLE_IDENTIFIER = Itescia.EsportManager2019;
				PRODUCT_NAME = "$(TARGET_NAME)";
				SWIFT_VERSION = 4.2;
				TARGETED_DEVICE_FAMILY = "1,2";
			};
			name = Debug;
		};
		1A70710E21F5BD7200C9E47E /* Release */ = {
			isa = XCBuildConfiguration;
			baseConfigurationReference = 40BA4503D93A1EEB51CDC8F2 /* Pods-EsportManager2019.release.xcconfig */;
			buildSettings = {
				ASSETCATALOG_COMPILER_APPICON_NAME = AppIcon;
				CODE_SIGN_STYLE = Automatic;
				INFOPLIST_FILE = EsportManager2019/Info.plist;
				LD_RUNPATH_SEARCH_PATHS = (
					"$(inherited)",
					"@executable_path/Frameworks",
				);
				PRODUCT_BUNDLE_IDENTIFIER = Itescia.EsportManager2019;
				PRODUCT_NAME = "$(TARGET_NAME)";
				SWIFT_VERSION = 4.2;
				TARGETED_DEVICE_FAMILY = "1,2";
			};
			name = Release;
		};
		1A70711021F5BD7200C9E47E /* Debug */ = {
			isa = XCBuildConfiguration;
			buildSettings = {
				ALWAYS_EMBED_SWIFT_STANDARD_LIBRARIES = YES;
				BUNDLE_LOADER = "$(TEST_HOST)";
				CODE_SIGN_STYLE = Automatic;
				INFOPLIST_FILE = EsportManager2019Tests/Info.plist;
				LD_RUNPATH_SEARCH_PATHS = (
					"$(inherited)",
					"@executable_path/Frameworks",
					"@loader_path/Frameworks",
				);
				PRODUCT_BUNDLE_IDENTIFIER = Itescia.EsportManager2019Tests;
				PRODUCT_NAME = "$(TARGET_NAME)";
				SWIFT_VERSION = 4.2;
				TARGETED_DEVICE_FAMILY = "1,2";
				TEST_HOST = "$(BUILT_PRODUCTS_DIR)/EsportManager2019.app/EsportManager2019";
			};
			name = Debug;
		};
		1A70711121F5BD7200C9E47E /* Release */ = {
			isa = XCBuildConfiguration;
			buildSettings = {
				ALWAYS_EMBED_SWIFT_STANDARD_LIBRARIES = YES;
				BUNDLE_LOADER = "$(TEST_HOST)";
				CODE_SIGN_STYLE = Automatic;
				INFOPLIST_FILE = EsportManager2019Tests/Info.plist;
				LD_RUNPATH_SEARCH_PATHS = (
					"$(inherited)",
					"@executable_path/Frameworks",
					"@loader_path/Frameworks",
				);
				PRODUCT_BUNDLE_IDENTIFIER = Itescia.EsportManager2019Tests;
				PRODUCT_NAME = "$(TARGET_NAME)";
				SWIFT_VERSION = 4.2;
				TARGETED_DEVICE_FAMILY = "1,2";
				TEST_HOST = "$(BUILT_PRODUCTS_DIR)/EsportManager2019.app/EsportManager2019";
			};
			name = Release;
		};
		1A70711321F5BD7200C9E47E /* Debug */ = {
			isa = XCBuildConfiguration;
			buildSettings = {
				ALWAYS_EMBED_SWIFT_STANDARD_LIBRARIES = YES;
				CODE_SIGN_STYLE = Automatic;
				INFOPLIST_FILE = EsportManager2019UITests/Info.plist;
				LD_RUNPATH_SEARCH_PATHS = (
					"$(inherited)",
					"@executable_path/Frameworks",
					"@loader_path/Frameworks",
				);
				PRODUCT_BUNDLE_IDENTIFIER = Itescia.EsportManager2019UITests;
				PRODUCT_NAME = "$(TARGET_NAME)";
				SWIFT_VERSION = 4.2;
				TARGETED_DEVICE_FAMILY = "1,2";
				TEST_TARGET_NAME = EsportManager2019;
			};
			name = Debug;
		};
		1A70711421F5BD7200C9E47E /* Release */ = {
			isa = XCBuildConfiguration;
			buildSettings = {
				ALWAYS_EMBED_SWIFT_STANDARD_LIBRARIES = YES;
				CODE_SIGN_STYLE = Automatic;
				INFOPLIST_FILE = EsportManager2019UITests/Info.plist;
				LD_RUNPATH_SEARCH_PATHS = (
					"$(inherited)",
					"@executable_path/Frameworks",
					"@loader_path/Frameworks",
				);
				PRODUCT_BUNDLE_IDENTIFIER = Itescia.EsportManager2019UITests;
				PRODUCT_NAME = "$(TARGET_NAME)";
				SWIFT_VERSION = 4.2;
				TARGETED_DEVICE_FAMILY = "1,2";
				TEST_TARGET_NAME = EsportManager2019;
			};
			name = Release;
		};
/* End XCBuildConfiguration section */

/* Begin XCConfigurationList section */
		1A7070DD21F5BD7100C9E47E /* Build configuration list for PBXProject "EsportManager2019" */ = {
			isa = XCConfigurationList;
			buildConfigurations = (
				1A70710A21F5BD7200C9E47E /* Debug */,
				1A70710B21F5BD7200C9E47E /* Release */,
			);
			defaultConfigurationIsVisible = 0;
			defaultConfigurationName = Release;
		};
		1A70710C21F5BD7200C9E47E /* Build configuration list for PBXNativeTarget "EsportManager2019" */ = {
			isa = XCConfigurationList;
			buildConfigurations = (
				1A70710D21F5BD7200C9E47E /* Debug */,
				1A70710E21F5BD7200C9E47E /* Release */,
			);
			defaultConfigurationIsVisible = 0;
			defaultConfigurationName = Release;
		};
		1A70710F21F5BD7200C9E47E /* Build configuration list for PBXNativeTarget "EsportManager2019Tests" */ = {
			isa = XCConfigurationList;
			buildConfigurations = (
				1A70711021F5BD7200C9E47E /* Debug */,
				1A70711121F5BD7200C9E47E /* Release */,
			);
			defaultConfigurationIsVisible = 0;
			defaultConfigurationName = Release;
		};
		1A70711221F5BD7200C9E47E /* Build configuration list for PBXNativeTarget "EsportManager2019UITests" */ = {
			isa = XCConfigurationList;
			buildConfigurations = (
				1A70711321F5BD7200C9E47E /* Debug */,
				1A70711421F5BD7200C9E47E /* Release */,
			);
			defaultConfigurationIsVisible = 0;
			defaultConfigurationName = Release;
		};
/* End XCConfigurationList section */
	};
	rootObject = 1A7070DA21F5BD7100C9E47E /* Project object */;
}
